
Microsoft Visual Studio Solution File, Format Version 12.00
# Visual Studio 2012
Project("{FAE04EC0-301F-11D3-BF4B-00C04F79EFBC}") = "RealmNativeLinkingIssue", "RealmNativeLinkingIssue\RealmNativeLinkingIssue.csproj", "{01F58EA5-F60A-4644-87B5-E14F71D5B885}"
EndProject
Project("{FAE04EC0-301F-11D3-BF4B-00C04F79EFBC}") = "CorePCL", "CorePCL\CorePCL.csproj", "{A65E1EFF-47AF-4E2D-9A0B-150829ACE7A9}"
EndProject
Global
	GlobalSection(SolutionConfigurationPlatforms) = preSolution
		Debug|iPhoneSimulator = Debug|iPhoneSimulator
		Release|iPhone = Release|iPhone
		Release|iPhoneSimulator = Release|iPhoneSimulator
		Debug|iPhone = Debug|iPhone
	EndGlobalSection
	GlobalSection(ProjectConfigurationPlatforms) = postSolution
		{01F58EA5-F60A-4644-87B5-E14F71D5B885}.Debug|iPhoneSimulator.ActiveCfg = Debug|iPhoneSimulator
		{01F58EA5-F60A-4644-87B5-E14F71D5B885}.Debug|iPhoneSimulator.Build.0 = Debug|iPhoneSimulator
		{01F58EA5-F60A-4644-87B5-E14F71D5B885}.Release|iPhone.ActiveCfg = Release|iPhone
		{01F58EA5-F60A-4644-87B5-E14F71D5B885}.Release|iPhone.Build.0 = Release|iPhone
		{01F58EA5-F60A-4644-87B5-E14F71D5B885}.Release|iPhoneSimulator.ActiveCfg = Release|iPhoneSimulator
		{01F58EA5-F60A-4644-87B5-E14F71D5B885}.Release|iPhoneSimulator.Build.0 = Release|iPhoneSimulator
		{01F58EA5-F60A-4644-87B5-E14F71D5B885}.Debug|iPhone.ActiveCfg = Debug|iPhone
		{01F58EA5-F60A-4644-87B5-E14F71D5B885}.Debug|iPhone.Build.0 = Debug|iPhone
		{A65E1EFF-47AF-4E2D-9A0B-150829ACE7A9}.Debug|iPhoneSimulator.ActiveCfg = Debug|Any CPU
		{A65E1EFF-47AF-4E2D-9A0B-150829ACE7A9}.Debug|iPhoneSimulator.Build.0 = Debug|Any CPU
		{A65E1EFF-47AF-4E2D-9A0B-150829ACE7A9}.Release|iPhone.ActiveCfg = Release|Any CPU
		{A65E1EFF-47AF-4E2D-9A0B-150829ACE7A9}.Release|iPhone.Build.0 = Release|Any CPU
		{A65E1EFF-47AF-4E2D-9A0B-150829ACE7A9}.Release|iPhoneSimulator.ActiveCfg = Release|Any CPU
		{A65E1EFF-47AF-4E2D-9A0B-150829ACE7A9}.Release|iPhoneSimulator.Build.0 = Release|Any CPU
		{A65E1EFF-47AF-4E2D-9A0B-150829ACE7A9}.Debug|iPhone.ActiveCfg = Debug|Any CPU
		{A65E1EFF-47AF-4E2D-9A0B-150829ACE7A9}.Debug|iPhone.Build.0 = Debug|Any CPU
	EndGlobalSection
EndGlobal
